
Microsoft Visual Studio Solution File, Format Version 12.00
# Visual Studio 15
VisualStudioVersion = 15.0.26730.16
MinimumVisualStudioVersion = 10.0.40219.1
Project("{2150E333-8FDC-42A3-9474-1A3956D46DE8}") = "1.Infrastructure", "1.Infrastructure", "{81BCB1D5-B715-4EB5-8384-56A9044998D8}"
EndProject
Project("{FAE04EC0-301F-11D3-BF4B-00C04F79EFBC}") = "MicroStrutLibrary.Infrastructure.Core", "Infrastructure\MicroStrutLibrary.Infrastructure.Core\MicroStrutLibrary.Infrastructure.Core.csproj", "{DCABB039-624E-4BA2-A53F-B00C301FE0E4}"
EndProject
Global
	GlobalSection(SolutionConfigurationPlatforms) = preSolution
		Debug|Any CPU = Debug|Any CPU
		Release|Any CPU = Release|Any CPU
	EndGlobalSection
	GlobalSection(ProjectConfigurationPlatforms) = postSolution
		{DCABB039-624E-4BA2-A53F-B00C301FE0E4}.Debug|Any CPU.ActiveCfg = Debug|Any CPU
		{DCABB039-624E-4BA2-A53F-B00C301FE0E4}.Debug|Any CPU.Build.0 = Debug|Any CPU
		{DCABB039-624E-4BA2-A53F-B00C301FE0E4}.Release|Any CPU.ActiveCfg = Release|Any CPU
		{DCABB039-624E-4BA2-A53F-B00C301FE0E4}.Release|Any CPU.Build.0 = Release|Any CPU
	EndGlobalSection
	GlobalSection(SolutionProperties) = preSolution
		HideSolutionNode = FALSE
	EndGlobalSection
	GlobalSection(NestedProjects) = preSolution
		{DCABB039-624E-4BA2-A53F-B00C301FE0E4} = {81BCB1D5-B715-4EB5-8384-56A9044998D8}
	EndGlobalSection
	GlobalSection(ExtensibilityGlobals) = postSolution
		SolutionGuid = {1AC07510-CED0-40FF-B59C-6DB788B06A5E}
	EndGlobalSection
EndGlobal
